<?xml version="1.0" encoding="utf-8"?>
<Project ToolsVersion="4.0" xmlns="http://schemas.microsoft.com/developer/msbuild/2003">
  <ItemGroup>
    <Filter Include="Fichiers sources">
      <UniqueIdentifier>{4FC737F1-C7A5-4376-A066-2A32D752A2FF}</UniqueIdentifier>
      <Extensions>cpp;c;cc;cxx;c++;cppm;ixx;def;odl;idl;hpj;bat;asm;asmx</Extensions>
    </Filter>
    <Filter Include="Fichiers d%27en-tête">
      <UniqueIdentifier>{93995380-89BD-4b04-88EB-625FBE52EBFB}</UniqueIdentifier>
      <Extensions>h;hh;hpp;hxx;h++;hm;inl;inc;ipp;xsd</Extensions>
    </Filter>
    <Filter Include="Fichiers de ressources">
      <UniqueIdentifier>{67DA6AB6-F800-4c08-8B7A-83BB121AAD01}</UniqueIdentifier>
      <Extensions>rc;ico;cur;bmp;dlg;rc2;rct;bin;rgs;gif;jpg;jpeg;jpe;resx;tiff;tif;png;wav;mfcribbon-ms</Extensions>
    </Filter>
    <Filter Include="Fichiers d%27en-tête\Base">
      <UniqueIdentifier>{38b637ba-56e2-4874-befc-67e75476b4c2}</UniqueIdentifier>
    </Filter>
    <Filter Include="Fichiers sources\Base">
      <UniqueIdentifier>{db3b9e1c-ba87-4d0a-aded-07a04f2ab201}</UniqueIdentifier>
    </Filter>
    <Filter Include="Fichiers d%27en-tête\LeetCodeFunctions">
      <UniqueIdentifier>{61386544-f513-42cc-b57a-3a17fa18f866}</UniqueIdentifier>
    </Filter>
    <Filter Include="Fichiers sources\LeetCodeFunctions">
      <UniqueIdentifier>{c8a5e218-37d3-475f-b7eb-8c12e28245b8}</UniqueIdentifier>
    </Filter>
    <Filter Include="Fichiers d%27en-tête\Enums">
      <UniqueIdentifier>{b1b4d7a8-4091-4222-b2cf-4e059b9a4130}</UniqueIdentifier>
    </Filter>
    <Filter Include="Fichiers d%27en-tête\Structs">
      <UniqueIdentifier>{ab9c8a3c-26c0-466a-a15b-74960575100c}</UniqueIdentifier>
    </Filter>
  </ItemGroup>
  <ItemGroup>
    <ClCompile Include="main.cpp">
      <Filter>Fichiers sources</Filter>
    </ClCompile>
    <ClCompile Include="property.h">
      <Filter>Fichiers d%27en-tête\Base</Filter>
    </ClCompile>
    <ClCompile Include="problem.cpp">
      <Filter>Fichiers sources\Base</Filter>
    </ClCompile>
    <ClCompile Include="problemmanager.cpp">
      <Filter>Fichiers sources\Base</Filter>
    </ClCompile>
    <ClCompile Include="problemslist.cpp">
      <Filter>Fichiers sources\Base</Filter>
    </ClCompile>
    <ClCompile Include="blind75.cpp">
      <Filter>Fichiers sources\LeetCodeFunctions</Filter>
    </ClCompile>
    <ClCompile Include="highfrequencycompanylist.cpp">
      <Filter>Fichiers sources\LeetCodeFunctions</Filter>
    </ClCompile>
    <ClCompile Include="difficulty.h">
      <Filter>Fichiers d%27en-tête\Enums</Filter>
    </ClCompile>
    <ClCompile Include="functions.cpp">
      <Filter>Fichiers sources\Base</Filter>
    </ClCompile>
    <ClCompile Include="screenfunctions.cpp">
      <Filter>Fichiers sources\Base</Filter>
    </ClCompile>
  </ItemGroup>
  <ItemGroup>
    <ClInclude Include="information.h">
      <Filter>Fichiers d%27en-tête\Base</Filter>
    </ClInclude>
    <ClInclude Include="problemmanager.h">
      <Filter>Fichiers d%27en-tête\Base</Filter>
    </ClInclude>
    <ClInclude Include="problem.h">
      <Filter>Fichiers d%27en-tête\Base</Filter>
    </ClInclude>
    <ClInclude Include="problemslist.h">
      <Filter>Fichiers d%27en-tête\Base</Filter>
    </ClInclude>
    <ClInclude Include="blind75.h">
      <Filter>Fichiers d%27en-tête\LeetCodeFunctions</Filter>
    </ClInclude>
    <ClInclude Include="neetcode150.h">
      <Filter>Fichiers d%27en-tête\LeetCodeFunctions</Filter>
    </ClInclude>
    <ClInclude Include="highfrequencycompanylist.h">
      <Filter>Fichiers d%27en-tête\LeetCodeFunctions</Filter>
    </ClInclude>
    <ClInclude Include="structs.h">
      <Filter>Fichiers d%27en-tête\Structs</Filter>
    </ClInclude>
    <ClInclude Include="topics.h">
      <Filter>Fichiers d%27en-tête\Enums</Filter>
    </ClInclude>
    <ClInclude Include="functions.h">
      <Filter>Fichiers d%27en-tête\Base</Filter>
    </ClInclude>
    <ClInclude Include="screenfunctions.h">
      <Filter>Fichiers d%27en-tête\Base</Filter>
    </ClInclude>
    <ClInclude Include="menustate.h">
      <Filter>Fichiers d%27en-tête\Enums</Filter>
    </ClInclude>
  </ItemGroup>
</Project>